
Microsoft Visual Studio Solution File, Format Version 12.00
# Visual Studio Version 17
VisualStudioVersion = 17.9.34607.119
MinimumVisualStudioVersion = 10.0.40219.1
Project("{8BC9CEB8-8B4A-11D0-8D11-00A0C91BC942}") = "nethesap", "nethesap.vcxproj", "{9ED3B953-BBD7-47D4-B831-B47FDC585BB2}"
EndProject
Global
	GlobalSection(SolutionConfigurationPlatforms) = preSolution
		Debug|x64 = Debug|x64
		Debug|x86 = Debug|x86
		Release|x64 = Release|x64
		Release|x86 = Release|x86
	EndGlobalSection
	GlobalSection(ProjectConfigurationPlatforms) = postSolution
		{9ED3B953-BBD7-47D4-B831-B47FDC585BB2}.Debug|x64.ActiveCfg = Debug|x64
		{9ED3B953-BBD7-47D4-B831-B47FDC585BB2}.Debug|x64.Build.0 = Debug|x64
		{9ED3B953-BBD7-47D4-B831-B47FDC585BB2}.Debug|x86.ActiveCfg = Debug|Win32
		{9ED3B953-BBD7-47D4-B831-B47FDC585BB2}.Debug|x86.Build.0 = Debug|Win32
		{9ED3B953-BBD7-47D4-B831-B47FDC585BB2}.Release|x64.ActiveCfg = Release|x64
		{9ED3B953-BBD7-47D4-B831-B47FDC585BB2}.Release|x64.Build.0 = Release|x64
		{9ED3B953-BBD7-47D4-B831-B47FDC585BB2}.Release|x86.ActiveCfg = Release|Win32
		{9ED3B953-BBD7-47D4-B831-B47FDC585BB2}.Release|x86.Build.0 = Release|Win32
	EndGlobalSection
	GlobalSection(SolutionProperties) = preSolution
		HideSolutionNode = FALSE
	EndGlobalSection
	GlobalSection(ExtensibilityGlobals) = postSolution
		SolutionGuid = {2391B143-8101-4C8B-A57E-20C9E6B8FEDC}
	EndGlobalSection
EndGlobal
